
Microsoft Visual Studio Solution File, Format Version 12.00
# Visual Studio 15
VisualStudioVersion = 15.0.28010.2046
MinimumVisualStudioVersion = 10.0.40219.1
Project("{2150E333-8FDC-42A3-9474-1A3956D46DE8}") = "src", "src", "{A36D94E0-01C8-4B7D-8620-8E6501C972FF}"
EndProject
Project("{2150E333-8FDC-42A3-9474-1A3956D46DE8}") = "test", "test", "{D3C36007-4411-4C1D-AAB1-4F104DAFDF5D}"
EndProject
Project("{9A19103F-16F7-4668-BE54-9A1E7A4F7556}") = "ANDDigital.Michael.Nee.API", "src\ANDDigital.Michael.Nee.API\ANDDigital.Michael.Nee.API.csproj", "{618A480F-308B-4F2F-A28D-E700DD13F0C4}"
EndProject
Project("{9A19103F-16F7-4668-BE54-9A1E7A4F7556}") = "ANDDigital.Michael.Nee.Tests", "test\ANDDigital.Michael.Nee.Tests\ANDDigital.Michael.Nee.Tests.csproj", "{3CA68761-9372-4793-B20F-F49C04923A97}"
EndProject
Global
	GlobalSection(SolutionConfigurationPlatforms) = preSolution
		Debug|Any CPU = Debug|Any CPU
		Release|Any CPU = Release|Any CPU
	EndGlobalSection
	GlobalSection(ProjectConfigurationPlatforms) = postSolution
		{618A480F-308B-4F2F-A28D-E700DD13F0C4}.Debug|Any CPU.ActiveCfg = Debug|Any CPU
		{618A480F-308B-4F2F-A28D-E700DD13F0C4}.Debug|Any CPU.Build.0 = Debug|Any CPU
		{618A480F-308B-4F2F-A28D-E700DD13F0C4}.Release|Any CPU.ActiveCfg = Release|Any CPU
		{618A480F-308B-4F2F-A28D-E700DD13F0C4}.Release|Any CPU.Build.0 = Release|Any CPU
		{3CA68761-9372-4793-B20F-F49C04923A97}.Debug|Any CPU.ActiveCfg = Debug|Any CPU
		{3CA68761-9372-4793-B20F-F49C04923A97}.Debug|Any CPU.Build.0 = Debug|Any CPU
		{3CA68761-9372-4793-B20F-F49C04923A97}.Release|Any CPU.ActiveCfg = Release|Any CPU
		{3CA68761-9372-4793-B20F-F49C04923A97}.Release|Any CPU.Build.0 = Release|Any CPU
	EndGlobalSection
	GlobalSection(SolutionProperties) = preSolution
		HideSolutionNode = FALSE
	EndGlobalSection
	GlobalSection(NestedProjects) = preSolution
		{618A480F-308B-4F2F-A28D-E700DD13F0C4} = {A36D94E0-01C8-4B7D-8620-8E6501C972FF}
		{3CA68761-9372-4793-B20F-F49C04923A97} = {D3C36007-4411-4C1D-AAB1-4F104DAFDF5D}
	EndGlobalSection
	GlobalSection(ExtensibilityGlobals) = postSolution
		SolutionGuid = {216BC782-CF58-4F2A-A096-D4341D1EB47D}
	EndGlobalSection
EndGlobal
